
Microsoft Visual Studio Solution File, Format Version 12.00
# Visual Studio Version 16
VisualStudioVersion = 16.0.30104.148
MinimumVisualStudioVersion = 10.0.40219.1
Project("{8BC9CEB8-8B4A-11D0-8D11-00A0C91BC942}") = "IntroductionToOOP", "IntroductionToOOP\IntroductionToOOP.vcxproj", "{733556A8-B08C-4A1A-B2E4-E8AE80134EF5}"
EndProject
Project("{8BC9CEB8-8B4A-11D0-8D11-00A0C91BC942}") = "FractionOOP", "..\Fraction\FractionOOP\FractionOOP\FractionOOP.vcxproj", "{25D5F9E6-6D61-4C97-BA0E-07FB3E3B7175}"
EndProject
Project("{8BC9CEB8-8B4A-11D0-8D11-00A0C91BC942}") = "FractionWork", "FractionWork\FractionWork.vcxproj", "{0C520718-DDE6-4157-9B68-FB9B822C0AEE}"
EndProject
Project("{8BC9CEB8-8B4A-11D0-8D11-00A0C91BC942}") = "String", "String\String.vcxproj", "{824EF57E-45A2-4D82-96FF-5DED8008E16A}"
EndProject
Global
	GlobalSection(SolutionConfigurationPlatforms) = preSolution
		Debug|x64 = Debug|x64
		Debug|x86 = Debug|x86
		Release|x64 = Release|x64
		Release|x86 = Release|x86
	EndGlobalSection
	GlobalSection(ProjectConfigurationPlatforms) = postSolution
		{733556A8-B08C-4A1A-B2E4-E8AE80134EF5}.Debug|x64.ActiveCfg = Debug|x64
		{733556A8-B08C-4A1A-B2E4-E8AE80134EF5}.Debug|x64.Build.0 = Debug|x64
		{733556A8-B08C-4A1A-B2E4-E8AE80134EF5}.Debug|x86.ActiveCfg = Debug|Win32
		{733556A8-B08C-4A1A-B2E4-E8AE80134EF5}.Debug|x86.Build.0 = Debug|Win32
		{733556A8-B08C-4A1A-B2E4-E8AE80134EF5}.Release|x64.ActiveCfg = Release|x64
		{733556A8-B08C-4A1A-B2E4-E8AE80134EF5}.Release|x64.Build.0 = Release|x64
		{733556A8-B08C-4A1A-B2E4-E8AE80134EF5}.Release|x86.ActiveCfg = Release|Win32
		{733556A8-B08C-4A1A-B2E4-E8AE80134EF5}.Release|x86.Build.0 = Release|Win32
		{25D5F9E6-6D61-4C97-BA0E-07FB3E3B7175}.Debug|x64.ActiveCfg = Debug|x64
		{25D5F9E6-6D61-4C97-BA0E-07FB3E3B7175}.Debug|x64.Build.0 = Debug|x64
		{25D5F9E6-6D61-4C97-BA0E-07FB3E3B7175}.Debug|x86.ActiveCfg = Debug|Win32
		{25D5F9E6-6D61-4C97-BA0E-07FB3E3B7175}.Debug|x86.Build.0 = Debug|Win32
		{25D5F9E6-6D61-4C97-BA0E-07FB3E3B7175}.Release|x64.ActiveCfg = Release|x64
		{25D5F9E6-6D61-4C97-BA0E-07FB3E3B7175}.Release|x64.Build.0 = Release|x64
		{25D5F9E6-6D61-4C97-BA0E-07FB3E3B7175}.Release|x86.ActiveCfg = Release|Win32
		{25D5F9E6-6D61-4C97-BA0E-07FB3E3B7175}.Release|x86.Build.0 = Release|Win32
		{0C520718-DDE6-4157-9B68-FB9B822C0AEE}.Debug|x64.ActiveCfg = Debug|x64
		{0C520718-DDE6-4157-9B68-FB9B822C0AEE}.Debug|x64.Build.0 = Debug|x64
		{0C520718-DDE6-4157-9B68-FB9B822C0AEE}.Debug|x86.ActiveCfg = Debug|Win32
		{0C520718-DDE6-4157-9B68-FB9B822C0AEE}.Debug|x86.Build.0 = Debug|Win32
		{0C520718-DDE6-4157-9B68-FB9B822C0AEE}.Release|x64.ActiveCfg = Release|x64
		{0C520718-DDE6-4157-9B68-FB9B822C0AEE}.Release|x64.Build.0 = Release|x64
		{0C520718-DDE6-4157-9B68-FB9B822C0AEE}.Release|x86.ActiveCfg = Release|Win32
		{0C520718-DDE6-4157-9B68-FB9B822C0AEE}.Release|x86.Build.0 = Release|Win32
		{824EF57E-45A2-4D82-96FF-5DED8008E16A}.Debug|x64.ActiveCfg = Debug|x64
		{824EF57E-45A2-4D82-96FF-5DED8008E16A}.Debug|x64.Build.0 = Debug|x64
		{824EF57E-45A2-4D82-96FF-5DED8008E16A}.Debug|x86.ActiveCfg = Debug|Win32
		{824EF57E-45A2-4D82-96FF-5DED8008E16A}.Debug|x86.Build.0 = Debug|Win32
		{824EF57E-45A2-4D82-96FF-5DED8008E16A}.Release|x64.ActiveCfg = Release|x64
		{824EF57E-45A2-4D82-96FF-5DED8008E16A}.Release|x64.Build.0 = Release|x64
		{824EF57E-45A2-4D82-96FF-5DED8008E16A}.Release|x86.ActiveCfg = Release|Win32
		{824EF57E-45A2-4D82-96FF-5DED8008E16A}.Release|x86.Build.0 = Release|Win32
	EndGlobalSection
	GlobalSection(SolutionProperties) = preSolution
		HideSolutionNode = FALSE
	EndGlobalSection
	GlobalSection(ExtensibilityGlobals) = postSolution
		SolutionGuid = {C969B0B9-5010-4039-8EFD-20BCBBC0C49E}
	EndGlobalSection
EndGlobal
